
Microsoft Visual Studio Solution File, Format Version 12.00
# Visual Studio Version 16
VisualStudioVersion = 16.0.29123.88
MinimumVisualStudioVersion = 10.0.40219.1
Project("{FAE04EC0-301F-11D3-BF4B-00C04F79EFBC}") = "BedwarsStats", "BedwarsStats.csproj", "{B1C381E6-A065-4E63-BE23-DB83803D59A5}"
EndProject
Global
	GlobalSection(SolutionConfigurationPlatforms) = preSolution
		Debug|Any CPU = Debug|Any CPU
		Release|Any CPU = Release|Any CPU
	EndGlobalSection
	GlobalSection(ProjectConfigurationPlatforms) = postSolution
		{B1C381E6-A065-4E63-BE23-DB83803D59A5}.Debug|Any CPU.ActiveCfg = Debug|Any CPU
		{B1C381E6-A065-4E63-BE23-DB83803D59A5}.Debug|Any CPU.Build.0 = Debug|Any CPU
		{B1C381E6-A065-4E63-BE23-DB83803D59A5}.Release|Any CPU.ActiveCfg = Release|Any CPU
		{B1C381E6-A065-4E63-BE23-DB83803D59A5}.Release|Any CPU.Build.0 = Release|Any CPU
	EndGlobalSection
	GlobalSection(SolutionProperties) = preSolution
		HideSolutionNode = FALSE
	EndGlobalSection
	GlobalSection(ExtensibilityGlobals) = postSolution
		SolutionGuid = {69F3D77E-9917-49CE-ADFD-AE1EB62450ED}
	EndGlobalSection
EndGlobal
